
Microsoft Visual Studio Solution File, Format Version 12.00
# Visual Studio Version 17
VisualStudioVersion = 17.0.31903.59
MinimumVisualStudioVersion = 10.0.40219.1
Project("{2150E333-8FDC-42A3-9474-1A3956D46DE8}") = "src", "src", "{827E0CD3-B72D-47B6-A68D-7590B98EB39B}"
EndProject
Project("{FAE04EC0-301F-11D3-BF4B-00C04F79EFBC}") = "CodeMuster.Application", "src\CodeMuster.Application\CodeMuster.Application.csproj", "{7BD201BD-AF3F-4219-8467-604854E83C97}"
EndProject
Project("{FAE04EC0-301F-11D3-BF4B-00C04F79EFBC}") = "CodeMuster.Domain", "src\CodeMuster.Domain\CodeMuster.Domain.csproj", "{71746CBB-E1C8-45D1-A0D0-C57DE4F59DF3}"
EndProject
Project("{FAE04EC0-301F-11D3-BF4B-00C04F79EFBC}") = "CodeMuster.Cli", "src\CodeMuster.Cli\CodeMuster.Cli.csproj", "{0CDBF4FA-EEA6-42F2-BF72-57A4965EAB61}"
EndProject
Project("{FAE04EC0-301F-11D3-BF4B-00C04F79EFBC}") = "CodeMuster.Infrastructure", "src\CodeMuster.Infrastructure\CodeMuster.Infrastructure.csproj", "{556CF7B5-B285-4656-8C3E-11E558259F2D}"
EndProject
Project("{FAE04EC0-301F-11D3-BF4B-00C04F79EFBC}") = "CodeMuster.Mapping.CSharp", "src\CodeMuster.Mapping.CSharp\CodeMuster.Mapping.CSharp.csproj", "{FD12CC95-BB33-4605-ADD8-E66EAABDC957}"
EndProject
Project("{FAE04EC0-301F-11D3-BF4B-00C04F79EFBC}") = "CodeMuster.Mapping.TypeScript", "src\CodeMuster.Mapping.TypeScript\CodeMuster.Mapping.TypeScript.csproj", "{5BC6C827-DC39-47F1-A630-8A33AECC7E15}"
EndProject
Project("{2150E333-8FDC-42A3-9474-1A3956D46DE8}") = "tests", "tests", "{0AB3BF05-4346-4AA6-1389-037BE0695223}"
EndProject
Project("{FAE04EC0-301F-11D3-BF4B-00C04F79EFBC}") = "CodeMuster.Application.Tests", "tests\CodeMuster.Application.Tests\CodeMuster.Application.Tests.csproj", "{5B45BE84-DDCE-4866-94E7-42B48D694682}"
EndProject
Project("{FAE04EC0-301F-11D3-BF4B-00C04F79EFBC}") = "CodeMuster.Cli.Tests", "tests\CodeMuster.Cli.Tests\CodeMuster.Cli.Tests.csproj", "{BF9D1ECD-4F70-482A-A84F-FFE453C2D607}"
EndProject
Project("{FAE04EC0-301F-11D3-BF4B-00C04F79EFBC}") = "CodeMuster.Domain.Tests", "tests\CodeMuster.Domain.Tests\CodeMuster.Domain.Tests.csproj", "{FC189464-47BB-4C81-A3B2-4E6A4642C921}"
EndProject
Project("{FAE04EC0-301F-11D3-BF4B-00C04F79EFBC}") = "CodeMuster.Infrastructure.Tests", "tests\CodeMuster.Infrastructure.Tests\CodeMuster.Infrastructure.Tests.csproj", "{3AD1095A-76F3-43E9-BE55-D777351B939E}"
EndProject
Project("{FAE04EC0-301F-11D3-BF4B-00C04F79EFBC}") = "CodeMuster.Mapping.CSharp.Tests", "tests\CodeMuster.Mapping.CSharp.Tests\CodeMuster.Mapping.CSharp.Tests.csproj", "{4BB5DB3D-FD6D-4E7F-9B67-60CA04B1B119}"
EndProject
Project("{FAE04EC0-301F-11D3-BF4B-00C04F79EFBC}") = "CodeMuster.Mapping.TypeScript.Tests", "tests\CodeMuster.Mapping.TypeScript.Tests\CodeMuster.Mapping.TypeScript.Tests.csproj", "{FDB3E783-EA1D-4C03-AB2E-B00D345B7304}"
EndProject
Global
	GlobalSection(SolutionConfigurationPlatforms) = preSolution
		Debug|Any CPU = Debug|Any CPU
		Debug|x64 = Debug|x64
		Debug|x86 = Debug|x86
		Release|Any CPU = Release|Any CPU
		Release|x64 = Release|x64
		Release|x86 = Release|x86
	EndGlobalSection
	GlobalSection(ProjectConfigurationPlatforms) = postSolution
		{7BD201BD-AF3F-4219-8467-604854E83C97}.Debug|Any CPU.ActiveCfg = Debug|Any CPU
		{7BD201BD-AF3F-4219-8467-604854E83C97}.Debug|Any CPU.Build.0 = Debug|Any CPU
		{7BD201BD-AF3F-4219-8467-604854E83C97}.Debug|x64.ActiveCfg = Debug|Any CPU
		{7BD201BD-AF3F-4219-8467-604854E83C97}.Debug|x64.Build.0 = Debug|Any CPU
		{7BD201BD-AF3F-4219-8467-604854E83C97}.Debug|x86.ActiveCfg = Debug|Any CPU
		{7BD201BD-AF3F-4219-8467-604854E83C97}.Debug|x86.Build.0 = Debug|Any CPU
		{7BD201BD-AF3F-4219-8467-604854E83C97}.Release|Any CPU.ActiveCfg = Release|Any CPU
		{7BD201BD-AF3F-4219-8467-604854E83C97}.Release|Any CPU.Build.0 = Release|Any CPU
		{7BD201BD-AF3F-4219-8467-604854E83C97}.Release|x64.ActiveCfg = Release|Any CPU
		{7BD201BD-AF3F-4219-8467-604854E83C97}.Release|x64.Build.0 = Release|Any CPU
		{7BD201BD-AF3F-4219-8467-604854E83C97}.Release|x86.ActiveCfg = Release|Any CPU
		{7BD201BD-AF3F-4219-8467-604854E83C97}.Release|x86.Build.0 = Release|Any CPU
		{71746CBB-E1C8-45D1-A0D0-C57DE4F59DF3}.Debug|Any CPU.ActiveCfg = Debug|Any CPU
		{71746CBB-E1C8-45D1-A0D0-C57DE4F59DF3}.Debug|Any CPU.Build.0 = Debug|Any CPU
		{71746CBB-E1C8-45D1-A0D0-C57DE4F59DF3}.Debug|x64.ActiveCfg = Debug|Any CPU
		{71746CBB-E1C8-45D1-A0D0-C57DE4F59DF3}.Debug|x64.Build.0 = Debug|Any CPU
		{71746CBB-E1C8-45D1-A0D0-C57DE4F59DF3}.Debug|x86.ActiveCfg = Debug|Any CPU
		{71746CBB-E1C8-45D1-A0D0-C57DE4F59DF3}.Debug|x86.Build.0 = Debug|Any CPU
		{71746CBB-E1C8-45D1-A0D0-C57DE4F59DF3}.Release|Any CPU.ActiveCfg = Release|Any CPU
		{71746CBB-E1C8-45D1-A0D0-C57DE4F59DF3}.Release|Any CPU.Build.0 = Release|Any CPU
		{71746CBB-E1C8-45D1-A0D0-C57DE4F59DF3}.Release|x64.ActiveCfg = Release|Any CPU
		{71746CBB-E1C8-45D1-A0D0-C57DE4F59DF3}.Release|x64.Build.0 = Release|Any CPU
		{71746CBB-E1C8-45D1-A0D0-C57DE4F59DF3}.Release|x86.ActiveCfg = Release|Any CPU
		{71746CBB-E1C8-45D1-A0D0-C57DE4F59DF3}.Release|x86.Build.0 = Release|Any CPU
		{0CDBF4FA-EEA6-42F2-BF72-57A4965EAB61}.Debug|Any CPU.ActiveCfg = Debug|Any CPU
		{0CDBF4FA-EEA6-42F2-BF72-57A4965EAB61}.Debug|Any CPU.Build.0 = Debug|Any CPU
		{0CDBF4FA-EEA6-42F2-BF72-57A4965EAB61}.Debug|x64.ActiveCfg = Debug|Any CPU
		{0CDBF4FA-EEA6-42F2-BF72-57A4965EAB61}.Debug|x64.Build.0 = Debug|Any CPU
		{0CDBF4FA-EEA6-42F2-BF72-57A4965EAB61}.Debug|x86.ActiveCfg = Debug|Any CPU
		{0CDBF4FA-EEA6-42F2-BF72-57A4965EAB61}.Debug|x86.Build.0 = Debug|Any CPU
		{0CDBF4FA-EEA6-42F2-BF72-57A4965EAB61}.Release|Any CPU.ActiveCfg = Release|Any CPU
		{0CDBF4FA-EEA6-42F2-BF72-57A4965EAB61}.Release|Any CPU.Build.0 = Release|Any CPU
		{0CDBF4FA-EEA6-42F2-BF72-57A4965EAB61}.Release|x64.ActiveCfg = Release|Any CPU
		{0CDBF4FA-EEA6-42F2-BF72-57A4965EAB61}.Release|x64.Build.0 = Release|Any CPU
		{0CDBF4FA-EEA6-42F2-BF72-57A4965EAB61}.Release|x86.ActiveCfg = Release|Any CPU
		{0CDBF4FA-EEA6-42F2-BF72-57A4965EAB61}.Release|x86.Build.0 = Release|Any CPU
		{556CF7B5-B285-4656-8C3E-11E558259F2D}.Debug|Any CPU.ActiveCfg = Debug|Any CPU
		{556CF7B5-B285-4656-8C3E-11E558259F2D}.Debug|Any CPU.Build.0 = Debug|Any CPU
		{556CF7B5-B285-4656-8C3E-11E558259F2D}.Debug|x64.ActiveCfg = Debug|Any CPU
		{556CF7B5-B285-4656-8C3E-11E558259F2D}.Debug|x64.Build.0 = Debug|Any CPU
		{556CF7B5-B285-4656-8C3E-11E558259F2D}.Debug|x86.ActiveCfg = Debug|Any CPU
		{556CF7B5-B285-4656-8C3E-11E558259F2D}.Debug|x86.Build.0 = Debug|Any CPU
		{556CF7B5-B285-4656-8C3E-11E558259F2D}.Release|Any CPU.ActiveCfg = Release|Any CPU
		{556CF7B5-B285-4656-8C3E-11E558259F2D}.Release|Any CPU.Build.0 = Release|Any CPU
		{556CF7B5-B285-4656-8C3E-11E558259F2D}.Release|x64.ActiveCfg = Release|Any CPU
		{556CF7B5-B285-4656-8C3E-11E558259F2D}.Release|x64.Build.0 = Release|Any CPU
		{556CF7B5-B285-4656-8C3E-11E558259F2D}.Release|x86.ActiveCfg = Release|Any CPU
		{556CF7B5-B285-4656-8C3E-11E558259F2D}.Release|x86.Build.0 = Release|Any CPU
		{FD12CC95-BB33-4605-ADD8-E66EAABDC957}.Debug|Any CPU.ActiveCfg = Debug|Any CPU
		{FD12CC95-BB33-4605-ADD8-E66EAABDC957}.Debug|Any CPU.Build.0 = Debug|Any CPU
		{FD12CC95-BB33-4605-ADD8-E66EAABDC957}.Debug|x64.ActiveCfg = Debug|Any CPU
		{FD12CC95-BB33-4605-ADD8-E66EAABDC957}.Debug|x64.Build.0 = Debug|Any CPU
		{FD12CC95-BB33-4605-ADD8-E66EAABDC957}.Debug|x86.ActiveCfg = Debug|Any CPU
		{FD12CC95-BB33-4605-ADD8-E66EAABDC957}.Debug|x86.Build.0 = Debug|Any CPU
		{FD12CC95-BB33-4605-ADD8-E66EAABDC957}.Release|Any CPU.ActiveCfg = Release|Any CPU
		{FD12CC95-BB33-4605-ADD8-E66EAABDC957}.Release|Any CPU.Build.0 = Release|Any CPU
		{FD12CC95-BB33-4605-ADD8-E66EAABDC957}.Release|x64.ActiveCfg = Release|Any CPU
		{FD12CC95-BB33-4605-ADD8-E66EAABDC957}.Release|x64.Build.0 = Release|Any CPU
		{FD12CC95-BB33-4605-ADD8-E66EAABDC957}.Release|x86.ActiveCfg = Release|Any CPU
		{FD12CC95-BB33-4605-ADD8-E66EAABDC957}.Release|x86.Build.0 = Release|Any CPU
		{5BC6C827-DC39-47F1-A630-8A33AECC7E15}.Debug|Any CPU.ActiveCfg = Debug|Any CPU
		{5BC6C827-DC39-47F1-A630-8A33AECC7E15}.Debug|Any CPU.Build.0 = Debug|Any CPU
		{5BC6C827-DC39-47F1-A630-8A33AECC7E15}.Debug|x64.ActiveCfg = Debug|Any CPU
		{5BC6C827-DC39-47F1-A630-8A33AECC7E15}.Debug|x64.Build.0 = Debug|Any CPU
		{5BC6C827-DC39-47F1-A630-8A33AECC7E15}.Debug|x86.ActiveCfg = Debug|Any CPU
		{5BC6C827-DC39-47F1-A630-8A33AECC7E15}.Debug|x86.Build.0 = Debug|Any CPU
		{5BC6C827-DC39-47F1-A630-8A33AECC7E15}.Release|Any CPU.ActiveCfg = Release|Any CPU
		{5BC6C827-DC39-47F1-A630-8A33AECC7E15}.Release|Any CPU.Build.0 = Release|Any CPU
		{5BC6C827-DC39-47F1-A630-8A33AECC7E15}.Release|x64.ActiveCfg = Release|Any CPU
		{5BC6C827-DC39-47F1-A630-8A33AECC7E15}.Release|x64.Build.0 = Release|Any CPU
		{5BC6C827-DC39-47F1-A630-8A33AECC7E15}.Release|x86.ActiveCfg = Release|Any CPU
		{5BC6C827-DC39-47F1-A630-8A33AECC7E15}.Release|x86.Build.0 = Release|Any CPU
		{5B45BE84-DDCE-4866-94E7-42B48D694682}.Debug|Any CPU.ActiveCfg = Debug|Any CPU
		{5B45BE84-DDCE-4866-94E7-42B48D694682}.Debug|Any CPU.Build.0 = Debug|Any CPU
		{5B45BE84-DDCE-4866-94E7-42B48D694682}.Debug|x64.ActiveCfg = Debug|Any CPU
		{5B45BE84-DDCE-4866-94E7-42B48D694682}.Debug|x64.Build.0 = Debug|Any CPU
		{5B45BE84-DDCE-4866-94E7-42B48D694682}.Debug|x86.ActiveCfg = Debug|Any CPU
		{5B45BE84-DDCE-4866-94E7-42B48D694682}.Debug|x86.Build.0 = Debug|Any CPU
		{5B45BE84-DDCE-4866-94E7-42B48D694682}.Release|Any CPU.ActiveCfg = Release|Any CPU
		{5B45BE84-DDCE-4866-94E7-42B48D694682}.Release|Any CPU.Build.0 = Release|Any CPU
		{5B45BE84-DDCE-4866-94E7-42B48D694682}.Release|x64.ActiveCfg = Release|Any CPU
		{5B45BE84-DDCE-4866-94E7-42B48D694682}.Release|x64.Build.0 = Release|Any CPU
		{5B45BE84-DDCE-4866-94E7-42B48D694682}.Release|x86.ActiveCfg = Release|Any CPU
		{5B45BE84-DDCE-4866-94E7-42B48D694682}.Release|x86.Build.0 = Release|Any CPU
		{BF9D1ECD-4F70-482A-A84F-FFE453C2D607}.Debug|Any CPU.ActiveCfg = Debug|Any CPU
		{BF9D1ECD-4F70-482A-A84F-FFE453C2D607}.Debug|Any CPU.Build.0 = Debug|Any CPU
		{BF9D1ECD-4F70-482A-A84F-FFE453C2D607}.Debug|x64.ActiveCfg = Debug|Any CPU
		{BF9D1ECD-4F70-482A-A84F-FFE453C2D607}.Debug|x64.Build.0 = Debug|Any CPU
		{BF9D1ECD-4F70-482A-A84F-FFE453C2D607}.Debug|x86.ActiveCfg = Debug|Any CPU
		{BF9D1ECD-4F70-482A-A84F-FFE453C2D607}.Debug|x86.Build.0 = Debug|Any CPU
		{BF9D1ECD-4F70-482A-A84F-FFE453C2D607}.Release|Any CPU.ActiveCfg = Release|Any CPU
		{BF9D1ECD-4F70-482A-A84F-FFE453C2D607}.Release|Any CPU.Build.0 = Release|Any CPU
		{BF9D1ECD-4F70-482A-A84F-FFE453C2D607}.Release|x64.ActiveCfg = Release|Any CPU
		{BF9D1ECD-4F70-482A-A84F-FFE453C2D607}.Release|x64.Build.0 = Release|Any CPU
		{BF9D1ECD-4F70-482A-A84F-FFE453C2D607}.Release|x86.ActiveCfg = Release|Any CPU
		{BF9D1ECD-4F70-482A-A84F-FFE453C2D607}.Release|x86.Build.0 = Release|Any CPU
		{FC189464-47BB-4C81-A3B2-4E6A4642C921}.Debug|Any CPU.ActiveCfg = Debug|Any CPU
		{FC189464-47BB-4C81-A3B2-4E6A4642C921}.Debug|Any CPU.Build.0 = Debug|Any CPU
		{FC189464-47BB-4C81-A3B2-4E6A4642C921}.Debug|x64.ActiveCfg = Debug|Any CPU
		{FC189464-47BB-4C81-A3B2-4E6A4642C921}.Debug|x64.Build.0 = Debug|Any CPU
		{FC189464-47BB-4C81-A3B2-4E6A4642C921}.Debug|x86.ActiveCfg = Debug|Any CPU
		{FC189464-47BB-4C81-A3B2-4E6A4642C921}.Debug|x86.Build.0 = Debug|Any CPU
		{FC189464-47BB-4C81-A3B2-4E6A4642C921}.Release|Any CPU.ActiveCfg = Release|Any CPU
		{FC189464-47BB-4C81-A3B2-4E6A4642C921}.Release|Any CPU.Build.0 = Release|Any CPU
		{FC189464-47BB-4C81-A3B2-4E6A4642C921}.Release|x64.ActiveCfg = Release|Any CPU
		{FC189464-47BB-4C81-A3B2-4E6A4642C921}.Release|x64.Build.0 = Release|Any CPU
		{FC189464-47BB-4C81-A3B2-4E6A4642C921}.Release|x86.ActiveCfg = Release|Any CPU
		{FC189464-47BB-4C81-A3B2-4E6A4642C921}.Release|x86.Build.0 = Release|Any CPU
		{3AD1095A-76F3-43E9-BE55-D777351B939E}.Debug|Any CPU.ActiveCfg = Debug|Any CPU
		{3AD1095A-76F3-43E9-BE55-D777351B939E}.Debug|Any CPU.Build.0 = Debug|Any CPU
		{3AD1095A-76F3-43E9-BE55-D777351B939E}.Debug|x64.ActiveCfg = Debug|Any CPU
		{3AD1095A-76F3-43E9-BE55-D777351B939E}.Debug|x64.Build.0 = Debug|Any CPU
		{3AD1095A-76F3-43E9-BE55-D777351B939E}.Debug|x86.ActiveCfg = Debug|Any CPU
		{3AD1095A-76F3-43E9-BE55-D777351B939E}.Debug|x86.Build.0 = Debug|Any CPU
		{3AD1095A-76F3-43E9-BE55-D777351B939E}.Release|Any CPU.ActiveCfg = Release|Any CPU
		{3AD1095A-76F3-43E9-BE55-D777351B939E}.Release|Any CPU.Build.0 = Release|Any CPU
		{3AD1095A-76F3-43E9-BE55-D777351B939E}.Release|x64.ActiveCfg = Release|Any CPU
		{3AD1095A-76F3-43E9-BE55-D777351B939E}.Release|x64.Build.0 = Release|Any CPU
		{3AD1095A-76F3-43E9-BE55-D777351B939E}.Release|x86.ActiveCfg = Release|Any CPU
		{3AD1095A-76F3-43E9-BE55-D777351B939E}.Release|x86.Build.0 = Release|Any CPU
		{4BB5DB3D-FD6D-4E7F-9B67-60CA04B1B119}.Debug|Any CPU.ActiveCfg = Debug|Any CPU
		{4BB5DB3D-FD6D-4E7F-9B67-60CA04B1B119}.Debug|Any CPU.Build.0 = Debug|Any CPU
		{4BB5DB3D-FD6D-4E7F-9B67-60CA04B1B119}.Debug|x64.ActiveCfg = Debug|Any CPU
		{4BB5DB3D-FD6D-4E7F-9B67-60CA04B1B119}.Debug|x64.Build.0 = Debug|Any CPU
		{4BB5DB3D-FD6D-4E7F-9B67-60CA04B1B119}.Debug|x86.ActiveCfg = Debug|Any CPU
		{4BB5DB3D-FD6D-4E7F-9B67-60CA04B1B119}.Debug|x86.Build.0 = Debug|Any CPU
		{4BB5DB3D-FD6D-4E7F-9B67-60CA04B1B119}.Release|Any CPU.ActiveCfg = Release|Any CPU
		{4BB5DB3D-FD6D-4E7F-9B67-60CA04B1B119}.Release|Any CPU.Build.0 = Release|Any CPU
		{4BB5DB3D-FD6D-4E7F-9B67-60CA04B1B119}.Release|x64.ActiveCfg = Release|Any CPU
		{4BB5DB3D-FD6D-4E7F-9B67-60CA04B1B119}.Release|x64.Build.0 = Release|Any CPU
		{4BB5DB3D-FD6D-4E7F-9B67-60CA04B1B119}.Release|x86.ActiveCfg = Release|Any CPU
		{4BB5DB3D-FD6D-4E7F-9B67-60CA04B1B119}.Release|x86.Build.0 = Release|Any CPU
		{FDB3E783-EA1D-4C03-AB2E-B00D345B7304}.Debug|Any CPU.ActiveCfg = Debug|Any CPU
		{FDB3E783-EA1D-4C03-AB2E-B00D345B7304}.Debug|Any CPU.Build.0 = Debug|Any CPU
		{FDB3E783-EA1D-4C03-AB2E-B00D345B7304}.Debug|x64.ActiveCfg = Debug|Any CPU
		{FDB3E783-EA1D-4C03-AB2E-B00D345B7304}.Debug|x64.Build.0 = Debug|Any CPU
		{FDB3E783-EA1D-4C03-AB2E-B00D345B7304}.Debug|x86.ActiveCfg = Debug|Any CPU
		{FDB3E783-EA1D-4C03-AB2E-B00D345B7304}.Debug|x86.Build.0 = Debug|Any CPU
		{FDB3E783-EA1D-4C03-AB2E-B00D345B7304}.Release|Any CPU.ActiveCfg = Release|Any CPU
		{FDB3E783-EA1D-4C03-AB2E-B00D345B7304}.Release|Any CPU.Build.0 = Release|Any CPU
		{FDB3E783-EA1D-4C03-AB2E-B00D345B7304}.Release|x64.ActiveCfg = Release|Any CPU
		{FDB3E783-EA1D-4C03-AB2E-B00D345B7304}.Release|x64.Build.0 = Release|Any CPU
		{FDB3E783-EA1D-4C03-AB2E-B00D345B7304}.Release|x86.ActiveCfg = Release|Any CPU
		{FDB3E783-EA1D-4C03-AB2E-B00D345B7304}.Release|x86.Build.0 = Release|Any CPU
	EndGlobalSection
	GlobalSection(SolutionProperties) = preSolution
		HideSolutionNode = FALSE
	EndGlobalSection
	GlobalSection(NestedProjects) = preSolution
		{7BD201BD-AF3F-4219-8467-604854E83C97} = {827E0CD3-B72D-47B6-A68D-7590B98EB39B}
		{71746CBB-E1C8-45D1-A0D0-C57DE4F59DF3} = {827E0CD3-B72D-47B6-A68D-7590B98EB39B}
		{0CDBF4FA-EEA6-42F2-BF72-57A4965EAB61} = {827E0CD3-B72D-47B6-A68D-7590B98EB39B}
		{556CF7B5-B285-4656-8C3E-11E558259F2D} = {827E0CD3-B72D-47B6-A68D-7590B98EB39B}
		{FD12CC95-BB33-4605-ADD8-E66EAABDC957} = {827E0CD3-B72D-47B6-A68D-7590B98EB39B}
		{5BC6C827-DC39-47F1-A630-8A33AECC7E15} = {827E0CD3-B72D-47B6-A68D-7590B98EB39B}
		{5B45BE84-DDCE-4866-94E7-42B48D694682} = {0AB3BF05-4346-4AA6-1389-037BE0695223}
		{BF9D1ECD-4F70-482A-A84F-FFE453C2D607} = {0AB3BF05-4346-4AA6-1389-037BE0695223}
		{FC189464-47BB-4C81-A3B2-4E6A4642C921} = {0AB3BF05-4346-4AA6-1389-037BE0695223}
		{3AD1095A-76F3-43E9-BE55-D777351B939E} = {0AB3BF05-4346-4AA6-1389-037BE0695223}
		{4BB5DB3D-FD6D-4E7F-9B67-60CA04B1B119} = {0AB3BF05-4346-4AA6-1389-037BE0695223}
		{FDB3E783-EA1D-4C03-AB2E-B00D345B7304} = {0AB3BF05-4346-4AA6-1389-037BE0695223}
	EndGlobalSection
EndGlobal
